<?xml version="1.0" encoding="utf-8"?>
<Project ToolsVersion="4.0" xmlns="http://schemas.microsoft.com/developer/msbuild/2003">
  <ItemGroup>
    <Filter Include="Source Files">
      <UniqueIdentifier>{4FC737F1-C7A5-4376-A066-2A32D752A2FF}</UniqueIdentifier>
      <Extensions>cpp;c;cc;cxx;def;odl;idl;hpj;bat;asm;asmx</Extensions>
    </Filter>
    <Filter Include="Header Files">
      <UniqueIdentifier>{93995380-89BD-4b04-88EB-625FBE52EBFB}</UniqueIdentifier>
      <Extensions>h;hpp;hxx;hm;inl;inc;xsd</Extensions>
    </Filter>
    <Filter Include="Resource Files">
      <UniqueIdentifier>{67DA6AB6-F800-4c08-8B7A-83BB121AAD01}</UniqueIdentifier>
      <Extensions>rc;ico;cur;bmp;dlg;rc2;rct;bin;rgs;gif;jpg;jpeg;jpe;resx;tiff;tif;png;wav;mfcribbon-ms</Extensions>
    </Filter>
    <Filter Include="Header Files\GameStates">
      <UniqueIdentifier>{08a29f3d-da9e-4df4-bb68-f8481325102e}</UniqueIdentifier>
    </Filter>
    <Filter Include="Source Files\GameStates">
      <UniqueIdentifier>{eafeb114-55b2-4052-8772-392a759b569a}</UniqueIdentifier>
    </Filter>
  </ItemGroup>
  <ItemGroup>
    <ClCompile Include="main.cpp">
      <Filter>Source Files</Filter>
    </ClCompile>
    <ClCompile Include="Source\CGraphicsManager.cpp">
      <Filter>Source Files</Filter>
    </ClCompile>
    <ClCompile Include="Source\CInputManager.cpp">
      <Filter>Source Files</Filter>
    </ClCompile>
    <ClCompile Include="Source\CInputListener.cpp">
      <Filter>Source Files</Filter>
    </ClCompile>
    <ClCompile Include="Source\CGame.cpp">
      <Filter>Source Files</Filter>
    </ClCompile>
    <ClCompile Include="Source\CBaseState.cpp">
      <Filter>Source Files\GameStates</Filter>
    </ClCompile>
    <ClCompile Include="Source\CExitState.cpp">
      <Filter>Source Files\GameStates</Filter>
    </ClCompile>
    <ClCompile Include="Source\CPlayState.cpp">
      <Filter>Source Files\GameStates</Filter>
    </ClCompile>
    <ClCompile Include="Source\CStatesManager.cpp">
      <Filter>Source Files\GameStates</Filter>
    </ClCompile>
    <ClCompile Include="Source\CWorldManager.cpp">
      <Filter>Source Files</Filter>
    </ClCompile>
    <ClCompile Include="Source\CPhysiXManager.cpp">
      <Filter>Source Files</Filter>
    </ClCompile>
  </ItemGroup>
  <ItemGroup>
    <ClInclude Include="Headers\CGame.h">
      <Filter>Header Files</Filter>
    </ClInclude>
    <ClInclude Include="Headers\CGraphicsManager.h">
      <Filter>Header Files</Filter>
    </ClInclude>
    <ClInclude Include="Headers\CInputManager.h">
      <Filter>Header Files</Filter>
    </ClInclude>
    <ClInclude Include="Headers\CInputListener.h">
      <Filter>Header Files</Filter>
    </ClInclude>
    <ClInclude Include="Headers\CBaseState.h">
      <Filter>Header Files\GameStates</Filter>
    </ClInclude>
    <ClInclude Include="Headers\CExitState.h">
      <Filter>Header Files\GameStates</Filter>
    </ClInclude>
    <ClInclude Include="Headers\CPlayState.h">
      <Filter>Header Files\GameStates</Filter>
    </ClInclude>
    <ClInclude Include="Headers\CStatesManager.h">
      <Filter>Header Files\GameStates</Filter>
    </ClInclude>
    <ClInclude Include="Headers\CWorldManager.h">
      <Filter>Header Files</Filter>
    </ClInclude>
    <ClInclude Include="Headers\CPhyXManager.h">
      <Filter>Header Files</Filter>
    </ClInclude>
  </ItemGroup>
</Project>